
Microsoft Visual Studio Solution File, Format Version 12.00
# Visual Studio Version 16
VisualStudioVersion = 16.0.32802.440
MinimumVisualStudioVersion = 10.0.40219.1
Project("{FAE04EC0-301F-11D3-BF4B-00C04F79EFBC}") = "ProyectoGrupo6", "ProyectoGrupo6\ProyectoGrupo6.csproj", "{5475832A-F76B-4FD7-8583-CC9B4D32E502}"
EndProject
Global
	GlobalSection(SolutionConfigurationPlatforms) = preSolution
		Debug|Any CPU = Debug|Any CPU
		Release|Any CPU = Release|Any CPU
	EndGlobalSection
	GlobalSection(ProjectConfigurationPlatforms) = postSolution
		{5475832A-F76B-4FD7-8583-CC9B4D32E502}.Debug|Any CPU.ActiveCfg = Debug|Any CPU
		{5475832A-F76B-4FD7-8583-CC9B4D32E502}.Debug|Any CPU.Build.0 = Debug|Any CPU
		{5475832A-F76B-4FD7-8583-CC9B4D32E502}.Release|Any CPU.ActiveCfg = Release|Any CPU
		{5475832A-F76B-4FD7-8583-CC9B4D32E502}.Release|Any CPU.Build.0 = Release|Any CPU
	EndGlobalSection
	GlobalSection(SolutionProperties) = preSolution
		HideSolutionNode = FALSE
	EndGlobalSection
	GlobalSection(ExtensibilityGlobals) = postSolution
		SolutionGuid = {72851DBA-9F58-4BA9-A7B8-557158D60E4C}
	EndGlobalSection
EndGlobal
